
Microsoft Visual Studio Solution File, Format Version 12.00
# Visual Studio 15
VisualStudioVersion = 15.0.27703.2018
MinimumVisualStudioVersion = 10.0.40219.1
Project("{FAE04EC0-301F-11D3-BF4B-00C04F79EFBC}") = "WebApp", "src\webapps\WebApp\WebApp.csproj", "{64F06787-EFD7-4098-8A7A-ABFFBBEF81D4}"
EndProject
Project("{E53339B2-1760-4266-BCC7-CA923CBCF16C}") = "docker-compose", "docker-compose.dcproj", "{A0A2C884-6D3A-403C-B8DD-F0C427045497}"
EndProject
Project("{2150E333-8FDC-42A3-9474-1A3956D46DE8}") = "src", "src", "{ACBAC76F-2E1B-496B-88EA-7D804F109A50}"
EndProject
Project("{2150E333-8FDC-42A3-9474-1A3956D46DE8}") = "WebApps", "WebApps", "{8F872C50-AEE9-4679-8584-65E60A0C144F}"
EndProject
Project("{2150E333-8FDC-42A3-9474-1A3956D46DE8}") = "services", "services", "{788194E5-054D-41DE-BF44-6C20D9B55AB4}"
EndProject
Project("{FAE04EC0-301F-11D3-BF4B-00C04F79EFBC}") = "Identity.API", "src\services\Identity.API\Identity.API.csproj", "{921C9244-96B7-462D-B3CE-90E3C4DD3B21}"
EndProject
Project("{FAE04EC0-301F-11D3-BF4B-00C04F79EFBC}") = "Chat.API", "src\services\Chat.API\Chat.API.csproj", "{37DB5CD5-6A05-443A-9227-C1E8D490BE22}"
EndProject
Global
	GlobalSection(SolutionConfigurationPlatforms) = preSolution
		Debug|Any CPU = Debug|Any CPU
		Release|Any CPU = Release|Any CPU
	EndGlobalSection
	GlobalSection(ProjectConfigurationPlatforms) = postSolution
		{64F06787-EFD7-4098-8A7A-ABFFBBEF81D4}.Debug|Any CPU.ActiveCfg = Debug|Any CPU
		{64F06787-EFD7-4098-8A7A-ABFFBBEF81D4}.Debug|Any CPU.Build.0 = Debug|Any CPU
		{64F06787-EFD7-4098-8A7A-ABFFBBEF81D4}.Release|Any CPU.ActiveCfg = Release|Any CPU
		{64F06787-EFD7-4098-8A7A-ABFFBBEF81D4}.Release|Any CPU.Build.0 = Release|Any CPU
		{A0A2C884-6D3A-403C-B8DD-F0C427045497}.Debug|Any CPU.ActiveCfg = Debug|Any CPU
		{A0A2C884-6D3A-403C-B8DD-F0C427045497}.Debug|Any CPU.Build.0 = Debug|Any CPU
		{A0A2C884-6D3A-403C-B8DD-F0C427045497}.Release|Any CPU.ActiveCfg = Release|Any CPU
		{A0A2C884-6D3A-403C-B8DD-F0C427045497}.Release|Any CPU.Build.0 = Release|Any CPU
		{921C9244-96B7-462D-B3CE-90E3C4DD3B21}.Debug|Any CPU.ActiveCfg = Debug|Any CPU
		{921C9244-96B7-462D-B3CE-90E3C4DD3B21}.Debug|Any CPU.Build.0 = Debug|Any CPU
		{921C9244-96B7-462D-B3CE-90E3C4DD3B21}.Release|Any CPU.ActiveCfg = Release|Any CPU
		{921C9244-96B7-462D-B3CE-90E3C4DD3B21}.Release|Any CPU.Build.0 = Release|Any CPU
		{37DB5CD5-6A05-443A-9227-C1E8D490BE22}.Debug|Any CPU.ActiveCfg = Debug|Any CPU
		{37DB5CD5-6A05-443A-9227-C1E8D490BE22}.Debug|Any CPU.Build.0 = Debug|Any CPU
		{37DB5CD5-6A05-443A-9227-C1E8D490BE22}.Release|Any CPU.ActiveCfg = Release|Any CPU
		{37DB5CD5-6A05-443A-9227-C1E8D490BE22}.Release|Any CPU.Build.0 = Release|Any CPU
	EndGlobalSection
	GlobalSection(SolutionProperties) = preSolution
		HideSolutionNode = FALSE
	EndGlobalSection
	GlobalSection(NestedProjects) = preSolution
		{64F06787-EFD7-4098-8A7A-ABFFBBEF81D4} = {8F872C50-AEE9-4679-8584-65E60A0C144F}
		{8F872C50-AEE9-4679-8584-65E60A0C144F} = {ACBAC76F-2E1B-496B-88EA-7D804F109A50}
		{788194E5-054D-41DE-BF44-6C20D9B55AB4} = {ACBAC76F-2E1B-496B-88EA-7D804F109A50}
		{921C9244-96B7-462D-B3CE-90E3C4DD3B21} = {788194E5-054D-41DE-BF44-6C20D9B55AB4}
		{37DB5CD5-6A05-443A-9227-C1E8D490BE22} = {788194E5-054D-41DE-BF44-6C20D9B55AB4}
	EndGlobalSection
	GlobalSection(ExtensibilityGlobals) = postSolution
		SolutionGuid = {83B74D6D-5F63-46AB-B326-3AC908A01147}
	EndGlobalSection
EndGlobal
